
Microsoft Visual Studio Solution File, Format Version 12.00
# Visual Studio 15
VisualStudioVersion = 15.0.27130.2010
MinimumVisualStudioVersion = 10.0.40219.1
Project("{9A19103F-16F7-4668-BE54-9A1E7A4F7556}") = "Service.Core2_0", "Service.Core2_0\Service.Core2_0.csproj", "{8EDF585E-B0A7-45D3-8A70-47F16C5B1AA2}"
EndProject
Project("{9A19103F-16F7-4668-BE54-9A1E7A4F7556}") = "BigBeerMiddelwareSample", "BigBeerMiddelware\BigBeerMiddelwareSample.csproj", "{25CB1F74-69C9-4DF2-BEA6-1282EF8F0B29}"
EndProject
Project("{9A19103F-16F7-4668-BE54-9A1E7A4F7556}") = "Test.Core", "Reflect.Core\Test.Core.csproj", "{46001647-C65C-4E31-8FD5-5A7D76B6C20F}"
EndProject
Project("{9A19103F-16F7-4668-BE54-9A1E7A4F7556}") = "CommanLineSample", "CommanLineSample\CommanLineSample.csproj", "{DFA89ED0-9D7B-43CC-A34F-39AF727A7A7D}"
EndProject
Project("{9A19103F-16F7-4668-BE54-9A1E7A4F7556}") = "OptionsBindSample", "OptionsBindSample\OptionsBindSample.csproj", "{7010EC5C-AC68-49AE-AED7-4B13BA086B4D}"
EndProject
Project("{9A19103F-16F7-4668-BE54-9A1E7A4F7556}") = "BigBeerServiceSample", "BigBeerService\BigBeerServiceSample.csproj", "{ACEC1398-31C3-47B8-B346-C389A174BE95}"
EndProject
Project("{9A19103F-16F7-4668-BE54-9A1E7A4F7556}") = "RSA.Security", "RSA.Security\RSA.Security.csproj", "{24414941-D637-48C5-943B-3D945EB57F7B}"
EndProject
Project("{9A19103F-16F7-4668-BE54-9A1E7A4F7556}") = "BigBeer.Core.ExcelSample", "BigBeer.Core.ExcelSample\BigBeer.Core.ExcelSample.csproj", "{40E37D7B-982F-4803-8D6B-F081A81B4332}"
EndProject
Project("{9A19103F-16F7-4668-BE54-9A1E7A4F7556}") = "BigBeer.Core.RedisSample", "BigBeer.Core.RedisSample\BigBeer.Core.RedisSample.csproj", "{F2E4DBCE-DBCE-41CF-9A43-DAB1CD1BB7C1}"
EndProject
Project("{2150E333-8FDC-42A3-9474-1A3956D46DE8}") = "Extensions", "Extensions", "{601B7607-8582-4122-823A-8FE5CA52DB90}"
EndProject
Project("{9A19103F-16F7-4668-BE54-9A1E7A4F7556}") = "BigBeer.Core.Extensions.Enum", "BigBeer.Core.Extensions.Enum\BigBeer.Core.Extensions.Enum.csproj", "{AC31745F-D24B-459B-8EBC-3D150C77AA16}"
EndProject
Project("{9A19103F-16F7-4668-BE54-9A1E7A4F7556}") = "BigBeer.Core.Extensions.Json", "BigBeer.Core.Extensions.Json\BigBeer.Core.Extensions.Json.csproj", "{9F46BA3A-66E4-4B15-BBAC-A8FEA9C2C401}"
EndProject
Project("{9A19103F-16F7-4668-BE54-9A1E7A4F7556}") = "BigBeer.Core.Extensions.String", "BigBeer.Core.Extensions.String\BigBeer.Core.Extensions.String.csproj", "{508BD4B0-4974-43ED-9912-1C4390B6D36D}"
EndProject
Project("{9A19103F-16F7-4668-BE54-9A1E7A4F7556}") = "BigBeer.Core.Extensions.ITQueryable", "BigBeer.Core.Extensions.ITQueryable\BigBeer.Core.Extensions.ITQueryable.csproj", "{39223E74-A47A-4823-A927-1CB0AC3864F5}"
EndProject
Project("{2150E333-8FDC-42A3-9474-1A3956D46DE8}") = "Tool", "Tool", "{B9334B19-A9CF-4B81-8DE7-71FD364AD989}"
EndProject
Project("{9A19103F-16F7-4668-BE54-9A1E7A4F7556}") = "BigBeer.Core.Extensions.TCollection", "BigBeer.Core.Extensions.TCollection\BigBeer.Core.Extensions.TCollection.csproj", "{0A1B1625-EE1F-423C-A766-141C352F1696}"
EndProject
Project("{9A19103F-16F7-4668-BE54-9A1E7A4F7556}") = "BigBeer.Core.Extensions.Array", "BigBeer.Core.Extensions.Array\BigBeer.Core.Extensions.Array.csproj", "{4150A02D-2696-46B2-82F5-6C6217511658}"
EndProject
Project("{9A19103F-16F7-4668-BE54-9A1E7A4F7556}") = "BigBeer.Core.Extensions.Decimal", "BigBeer.Core.Extensions.Decimal\BigBeer.Core.Extensions.Decimal.csproj", "{670D0FF6-3DF8-4BE3-9817-D54EB43FA73C}"
EndProject
Project("{9A19103F-16F7-4668-BE54-9A1E7A4F7556}") = "BigBeer.Core.Extensions.DateTime", "BigBeer.Core.Extensions.DateTime\BigBeer.Core.Extensions.DateTime.csproj", "{8422236F-90D3-40F3-A023-AC2997BBB4F7}"
EndProject
Project("{2150E333-8FDC-42A3-9474-1A3956D46DE8}") = "Pay", "Pay", "{CD615473-99BA-4420-AF72-BB3845A98C9C}"
EndProject
Project("{9A19103F-16F7-4668-BE54-9A1E7A4F7556}") = "BigBeer.Core.PaySample", "BigBeer.Core.PaySample\BigBeer.Core.PaySample.csproj", "{C6AADA6E-0F5F-4649-B794-921DFF57A2AD}"
EndProject
Project("{9A19103F-16F7-4668-BE54-9A1E7A4F7556}") = "BigBeer.Core.PayNotifys", "BigBeer.Core.PayNotifys\BigBeer.Core.PayNotifys.csproj", "{41DE42B6-AE01-4AB5-85C9-3D9556F1790A}"
EndProject
Project("{2150E333-8FDC-42A3-9474-1A3956D46DE8}") = "Wechat", "Wechat", "{C0F84A56-AF09-4500-B9B4-575B12132CFE}"
EndProject
Project("{9A19103F-16F7-4668-BE54-9A1E7A4F7556}") = "BigBeer.Core.WeChatSample", "BigBeer.Core.WeChatSample\BigBeer.Core.WeChatSample.csproj", "{0AFE917C-25B6-4E47-98BA-35879B0E544D}"
EndProject
Project("{9A19103F-16F7-4668-BE54-9A1E7A4F7556}") = "BigBeer.Core.HelperSample", "BigBeer.Core.HelperSample\BigBeer.Core.HelperSample.csproj", "{8127EECA-8084-42BF-A5C0-2ACE9DEF26C2}"
EndProject
Project("{2150E333-8FDC-42A3-9474-1A3956D46DE8}") = "Auth", "Auth", "{D971A4AC-14C4-44C6-BDAE-FB794F3F0F4F}"
EndProject
Project("{9A19103F-16F7-4668-BE54-9A1E7A4F7556}") = "BigBeer.Core.WeChat", "BigBeer.Core.WeChat\BigBeer.Core.WeChat.csproj", "{6C9BCE98-90E6-4BF7-AAA8-52392563B882}"
EndProject
Project("{9A19103F-16F7-4668-BE54-9A1E7A4F7556}") = "BigBeer.Core.CookieAuthSample", "BigBeer.Core.CookieAuthSample\BigBeer.Core.CookieAuthSample.csproj", "{5824B51E-668E-445C-9D2E-5B7F173252F6}"
EndProject
Project("{2150E333-8FDC-42A3-9474-1A3956D46DE8}") = "Service", "Service", "{9CA01050-3761-429C-A3C9-67242219A3B2}"
EndProject
Project("{FAE04EC0-301F-11D3-BF4B-00C04F79EFBC}") = "BigBeer.Core.Service.Lib", "BigBeer.Core.Service.Lib\BigBeer.Core.Service.Lib.csproj", "{795B63B3-EE68-479D-89CF-91AA76B04A21}"
EndProject
Project("{FAE04EC0-301F-11D3-BF4B-00C04F79EFBC}") = "BigBeer.Core.Service.Host", "BigBeer.Core.Service.Host\BigBeer.Core.Service.Host.csproj", "{1F44FC3D-829E-49C4-9B10-7FA8C954E7FC}"
EndProject
Global
	GlobalSection(SolutionConfigurationPlatforms) = preSolution
		Debug|Any CPU = Debug|Any CPU
		Release|Any CPU = Release|Any CPU
	EndGlobalSection
	GlobalSection(ProjectConfigurationPlatforms) = postSolution
		{8EDF585E-B0A7-45D3-8A70-47F16C5B1AA2}.Debug|Any CPU.ActiveCfg = Debug|Any CPU
		{8EDF585E-B0A7-45D3-8A70-47F16C5B1AA2}.Debug|Any CPU.Build.0 = Debug|Any CPU
		{8EDF585E-B0A7-45D3-8A70-47F16C5B1AA2}.Release|Any CPU.ActiveCfg = Release|Any CPU
		{8EDF585E-B0A7-45D3-8A70-47F16C5B1AA2}.Release|Any CPU.Build.0 = Release|Any CPU
		{25CB1F74-69C9-4DF2-BEA6-1282EF8F0B29}.Debug|Any CPU.ActiveCfg = Debug|Any CPU
		{25CB1F74-69C9-4DF2-BEA6-1282EF8F0B29}.Debug|Any CPU.Build.0 = Debug|Any CPU
		{25CB1F74-69C9-4DF2-BEA6-1282EF8F0B29}.Release|Any CPU.ActiveCfg = Release|Any CPU
		{25CB1F74-69C9-4DF2-BEA6-1282EF8F0B29}.Release|Any CPU.Build.0 = Release|Any CPU
		{46001647-C65C-4E31-8FD5-5A7D76B6C20F}.Debug|Any CPU.ActiveCfg = Debug|Any CPU
		{46001647-C65C-4E31-8FD5-5A7D76B6C20F}.Debug|Any CPU.Build.0 = Debug|Any CPU
		{46001647-C65C-4E31-8FD5-5A7D76B6C20F}.Release|Any CPU.ActiveCfg = Release|Any CPU
		{46001647-C65C-4E31-8FD5-5A7D76B6C20F}.Release|Any CPU.Build.0 = Release|Any CPU
		{DFA89ED0-9D7B-43CC-A34F-39AF727A7A7D}.Debug|Any CPU.ActiveCfg = Debug|Any CPU
		{DFA89ED0-9D7B-43CC-A34F-39AF727A7A7D}.Debug|Any CPU.Build.0 = Debug|Any CPU
		{DFA89ED0-9D7B-43CC-A34F-39AF727A7A7D}.Release|Any CPU.ActiveCfg = Release|Any CPU
		{DFA89ED0-9D7B-43CC-A34F-39AF727A7A7D}.Release|Any CPU.Build.0 = Release|Any CPU
		{7010EC5C-AC68-49AE-AED7-4B13BA086B4D}.Debug|Any CPU.ActiveCfg = Debug|Any CPU
		{7010EC5C-AC68-49AE-AED7-4B13BA086B4D}.Debug|Any CPU.Build.0 = Debug|Any CPU
		{7010EC5C-AC68-49AE-AED7-4B13BA086B4D}.Release|Any CPU.ActiveCfg = Release|Any CPU
		{7010EC5C-AC68-49AE-AED7-4B13BA086B4D}.Release|Any CPU.Build.0 = Release|Any CPU
		{ACEC1398-31C3-47B8-B346-C389A174BE95}.Debug|Any CPU.ActiveCfg = Debug|Any CPU
		{ACEC1398-31C3-47B8-B346-C389A174BE95}.Debug|Any CPU.Build.0 = Debug|Any CPU
		{ACEC1398-31C3-47B8-B346-C389A174BE95}.Release|Any CPU.ActiveCfg = Release|Any CPU
		{ACEC1398-31C3-47B8-B346-C389A174BE95}.Release|Any CPU.Build.0 = Release|Any CPU
		{24414941-D637-48C5-943B-3D945EB57F7B}.Debug|Any CPU.ActiveCfg = Debug|Any CPU
		{24414941-D637-48C5-943B-3D945EB57F7B}.Debug|Any CPU.Build.0 = Debug|Any CPU
		{24414941-D637-48C5-943B-3D945EB57F7B}.Release|Any CPU.ActiveCfg = Release|Any CPU
		{24414941-D637-48C5-943B-3D945EB57F7B}.Release|Any CPU.Build.0 = Release|Any CPU
		{40E37D7B-982F-4803-8D6B-F081A81B4332}.Debug|Any CPU.ActiveCfg = Debug|Any CPU
		{40E37D7B-982F-4803-8D6B-F081A81B4332}.Debug|Any CPU.Build.0 = Debug|Any CPU
		{40E37D7B-982F-4803-8D6B-F081A81B4332}.Release|Any CPU.ActiveCfg = Release|Any CPU
		{40E37D7B-982F-4803-8D6B-F081A81B4332}.Release|Any CPU.Build.0 = Release|Any CPU
		{F2E4DBCE-DBCE-41CF-9A43-DAB1CD1BB7C1}.Debug|Any CPU.ActiveCfg = Debug|Any CPU
		{F2E4DBCE-DBCE-41CF-9A43-DAB1CD1BB7C1}.Debug|Any CPU.Build.0 = Debug|Any CPU
		{F2E4DBCE-DBCE-41CF-9A43-DAB1CD1BB7C1}.Release|Any CPU.ActiveCfg = Release|Any CPU
		{F2E4DBCE-DBCE-41CF-9A43-DAB1CD1BB7C1}.Release|Any CPU.Build.0 = Release|Any CPU
		{AC31745F-D24B-459B-8EBC-3D150C77AA16}.Debug|Any CPU.ActiveCfg = Debug|Any CPU
		{AC31745F-D24B-459B-8EBC-3D150C77AA16}.Debug|Any CPU.Build.0 = Debug|Any CPU
		{AC31745F-D24B-459B-8EBC-3D150C77AA16}.Release|Any CPU.ActiveCfg = Release|Any CPU
		{AC31745F-D24B-459B-8EBC-3D150C77AA16}.Release|Any CPU.Build.0 = Release|Any CPU
		{9F46BA3A-66E4-4B15-BBAC-A8FEA9C2C401}.Debug|Any CPU.ActiveCfg = Debug|Any CPU
		{9F46BA3A-66E4-4B15-BBAC-A8FEA9C2C401}.Debug|Any CPU.Build.0 = Debug|Any CPU
		{9F46BA3A-66E4-4B15-BBAC-A8FEA9C2C401}.Release|Any CPU.ActiveCfg = Release|Any CPU
		{9F46BA3A-66E4-4B15-BBAC-A8FEA9C2C401}.Release|Any CPU.Build.0 = Release|Any CPU
		{508BD4B0-4974-43ED-9912-1C4390B6D36D}.Debug|Any CPU.ActiveCfg = Debug|Any CPU
		{508BD4B0-4974-43ED-9912-1C4390B6D36D}.Debug|Any CPU.Build.0 = Debug|Any CPU
		{508BD4B0-4974-43ED-9912-1C4390B6D36D}.Release|Any CPU.ActiveCfg = Release|Any CPU
		{508BD4B0-4974-43ED-9912-1C4390B6D36D}.Release|Any CPU.Build.0 = Release|Any CPU
		{39223E74-A47A-4823-A927-1CB0AC3864F5}.Debug|Any CPU.ActiveCfg = Debug|Any CPU
		{39223E74-A47A-4823-A927-1CB0AC3864F5}.Debug|Any CPU.Build.0 = Debug|Any CPU
		{39223E74-A47A-4823-A927-1CB0AC3864F5}.Release|Any CPU.ActiveCfg = Release|Any CPU
		{39223E74-A47A-4823-A927-1CB0AC3864F5}.Release|Any CPU.Build.0 = Release|Any CPU
		{0A1B1625-EE1F-423C-A766-141C352F1696}.Debug|Any CPU.ActiveCfg = Debug|Any CPU
		{0A1B1625-EE1F-423C-A766-141C352F1696}.Debug|Any CPU.Build.0 = Debug|Any CPU
		{0A1B1625-EE1F-423C-A766-141C352F1696}.Release|Any CPU.ActiveCfg = Release|Any CPU
		{0A1B1625-EE1F-423C-A766-141C352F1696}.Release|Any CPU.Build.0 = Release|Any CPU
		{4150A02D-2696-46B2-82F5-6C6217511658}.Debug|Any CPU.ActiveCfg = Debug|Any CPU
		{4150A02D-2696-46B2-82F5-6C6217511658}.Debug|Any CPU.Build.0 = Debug|Any CPU
		{4150A02D-2696-46B2-82F5-6C6217511658}.Release|Any CPU.ActiveCfg = Release|Any CPU
		{4150A02D-2696-46B2-82F5-6C6217511658}.Release|Any CPU.Build.0 = Release|Any CPU
		{670D0FF6-3DF8-4BE3-9817-D54EB43FA73C}.Debug|Any CPU.ActiveCfg = Debug|Any CPU
		{670D0FF6-3DF8-4BE3-9817-D54EB43FA73C}.Debug|Any CPU.Build.0 = Debug|Any CPU
		{670D0FF6-3DF8-4BE3-9817-D54EB43FA73C}.Release|Any CPU.ActiveCfg = Release|Any CPU
		{670D0FF6-3DF8-4BE3-9817-D54EB43FA73C}.Release|Any CPU.Build.0 = Release|Any CPU
		{8422236F-90D3-40F3-A023-AC2997BBB4F7}.Debug|Any CPU.ActiveCfg = Debug|Any CPU
		{8422236F-90D3-40F3-A023-AC2997BBB4F7}.Debug|Any CPU.Build.0 = Debug|Any CPU
		{8422236F-90D3-40F3-A023-AC2997BBB4F7}.Release|Any CPU.ActiveCfg = Release|Any CPU
		{8422236F-90D3-40F3-A023-AC2997BBB4F7}.Release|Any CPU.Build.0 = Release|Any CPU
		{C6AADA6E-0F5F-4649-B794-921DFF57A2AD}.Debug|Any CPU.ActiveCfg = Debug|Any CPU
		{C6AADA6E-0F5F-4649-B794-921DFF57A2AD}.Debug|Any CPU.Build.0 = Debug|Any CPU
		{C6AADA6E-0F5F-4649-B794-921DFF57A2AD}.Release|Any CPU.ActiveCfg = Release|Any CPU
		{C6AADA6E-0F5F-4649-B794-921DFF57A2AD}.Release|Any CPU.Build.0 = Release|Any CPU
		{41DE42B6-AE01-4AB5-85C9-3D9556F1790A}.Debug|Any CPU.ActiveCfg = Debug|Any CPU
		{41DE42B6-AE01-4AB5-85C9-3D9556F1790A}.Debug|Any CPU.Build.0 = Debug|Any CPU
		{41DE42B6-AE01-4AB5-85C9-3D9556F1790A}.Release|Any CPU.ActiveCfg = Release|Any CPU
		{41DE42B6-AE01-4AB5-85C9-3D9556F1790A}.Release|Any CPU.Build.0 = Release|Any CPU
		{0AFE917C-25B6-4E47-98BA-35879B0E544D}.Debug|Any CPU.ActiveCfg = Debug|Any CPU
		{0AFE917C-25B6-4E47-98BA-35879B0E544D}.Debug|Any CPU.Build.0 = Debug|Any CPU
		{0AFE917C-25B6-4E47-98BA-35879B0E544D}.Release|Any CPU.ActiveCfg = Release|Any CPU
		{0AFE917C-25B6-4E47-98BA-35879B0E544D}.Release|Any CPU.Build.0 = Release|Any CPU
		{8127EECA-8084-42BF-A5C0-2ACE9DEF26C2}.Debug|Any CPU.ActiveCfg = Debug|Any CPU
		{8127EECA-8084-42BF-A5C0-2ACE9DEF26C2}.Debug|Any CPU.Build.0 = Debug|Any CPU
		{8127EECA-8084-42BF-A5C0-2ACE9DEF26C2}.Release|Any CPU.ActiveCfg = Release|Any CPU
		{8127EECA-8084-42BF-A5C0-2ACE9DEF26C2}.Release|Any CPU.Build.0 = Release|Any CPU
		{6C9BCE98-90E6-4BF7-AAA8-52392563B882}.Debug|Any CPU.ActiveCfg = Debug|Any CPU
		{6C9BCE98-90E6-4BF7-AAA8-52392563B882}.Debug|Any CPU.Build.0 = Debug|Any CPU
		{6C9BCE98-90E6-4BF7-AAA8-52392563B882}.Release|Any CPU.ActiveCfg = Release|Any CPU
		{6C9BCE98-90E6-4BF7-AAA8-52392563B882}.Release|Any CPU.Build.0 = Release|Any CPU
		{5824B51E-668E-445C-9D2E-5B7F173252F6}.Debug|Any CPU.ActiveCfg = Debug|Any CPU
		{5824B51E-668E-445C-9D2E-5B7F173252F6}.Debug|Any CPU.Build.0 = Debug|Any CPU
		{5824B51E-668E-445C-9D2E-5B7F173252F6}.Release|Any CPU.ActiveCfg = Release|Any CPU
		{5824B51E-668E-445C-9D2E-5B7F173252F6}.Release|Any CPU.Build.0 = Release|Any CPU
		{795B63B3-EE68-479D-89CF-91AA76B04A21}.Debug|Any CPU.ActiveCfg = Debug|Any CPU
		{795B63B3-EE68-479D-89CF-91AA76B04A21}.Debug|Any CPU.Build.0 = Debug|Any CPU
		{795B63B3-EE68-479D-89CF-91AA76B04A21}.Release|Any CPU.ActiveCfg = Release|Any CPU
		{795B63B3-EE68-479D-89CF-91AA76B04A21}.Release|Any CPU.Build.0 = Release|Any CPU
		{1F44FC3D-829E-49C4-9B10-7FA8C954E7FC}.Debug|Any CPU.ActiveCfg = Debug|Any CPU
		{1F44FC3D-829E-49C4-9B10-7FA8C954E7FC}.Debug|Any CPU.Build.0 = Debug|Any CPU
		{1F44FC3D-829E-49C4-9B10-7FA8C954E7FC}.Release|Any CPU.ActiveCfg = Release|Any CPU
		{1F44FC3D-829E-49C4-9B10-7FA8C954E7FC}.Release|Any CPU.Build.0 = Release|Any CPU
	EndGlobalSection
	GlobalSection(SolutionProperties) = preSolution
		HideSolutionNode = FALSE
	EndGlobalSection
	GlobalSection(NestedProjects) = preSolution
		{24414941-D637-48C5-943B-3D945EB57F7B} = {B9334B19-A9CF-4B81-8DE7-71FD364AD989}
		{40E37D7B-982F-4803-8D6B-F081A81B4332} = {B9334B19-A9CF-4B81-8DE7-71FD364AD989}
		{F2E4DBCE-DBCE-41CF-9A43-DAB1CD1BB7C1} = {B9334B19-A9CF-4B81-8DE7-71FD364AD989}
		{AC31745F-D24B-459B-8EBC-3D150C77AA16} = {601B7607-8582-4122-823A-8FE5CA52DB90}
		{9F46BA3A-66E4-4B15-BBAC-A8FEA9C2C401} = {601B7607-8582-4122-823A-8FE5CA52DB90}
		{508BD4B0-4974-43ED-9912-1C4390B6D36D} = {601B7607-8582-4122-823A-8FE5CA52DB90}
		{39223E74-A47A-4823-A927-1CB0AC3864F5} = {601B7607-8582-4122-823A-8FE5CA52DB90}
		{0A1B1625-EE1F-423C-A766-141C352F1696} = {601B7607-8582-4122-823A-8FE5CA52DB90}
		{4150A02D-2696-46B2-82F5-6C6217511658} = {601B7607-8582-4122-823A-8FE5CA52DB90}
		{670D0FF6-3DF8-4BE3-9817-D54EB43FA73C} = {601B7607-8582-4122-823A-8FE5CA52DB90}
		{8422236F-90D3-40F3-A023-AC2997BBB4F7} = {601B7607-8582-4122-823A-8FE5CA52DB90}
		{C6AADA6E-0F5F-4649-B794-921DFF57A2AD} = {CD615473-99BA-4420-AF72-BB3845A98C9C}
		{41DE42B6-AE01-4AB5-85C9-3D9556F1790A} = {CD615473-99BA-4420-AF72-BB3845A98C9C}
		{0AFE917C-25B6-4E47-98BA-35879B0E544D} = {C0F84A56-AF09-4500-B9B4-575B12132CFE}
		{8127EECA-8084-42BF-A5C0-2ACE9DEF26C2} = {B9334B19-A9CF-4B81-8DE7-71FD364AD989}
		{6C9BCE98-90E6-4BF7-AAA8-52392563B882} = {C0F84A56-AF09-4500-B9B4-575B12132CFE}
		{5824B51E-668E-445C-9D2E-5B7F173252F6} = {D971A4AC-14C4-44C6-BDAE-FB794F3F0F4F}
		{795B63B3-EE68-479D-89CF-91AA76B04A21} = {9CA01050-3761-429C-A3C9-67242219A3B2}
		{1F44FC3D-829E-49C4-9B10-7FA8C954E7FC} = {9CA01050-3761-429C-A3C9-67242219A3B2}
	EndGlobalSection
	GlobalSection(ExtensibilityGlobals) = postSolution
		SolutionGuid = {5047F34A-1FFD-4FDB-9FD4-AD3217E0CD54}
	EndGlobalSection
EndGlobal
